lockfileVersion: '9.0'

settings:
  autoInstallPeers: true
  excludeLinksFromLockfile: false

importers:

  .:
    dependencies:
      marked:
        specifier: 15.0.12
        version: 15.0.12
      posthog-node:
        specifier: ^5.41.0
        version: 5.41.0

packages:

  '@posthog/core@1.40.2':
    resolution: {integrity: sha512-H12j7O9iHGvpK9t2ko8W4pvfbV1pBDxrsWC1LA6yp2RhzwvC4T3sWhu+AekDQJSRSrJEWlB0t/Ueq9QhPSq7FQ==}

  '@posthog/types@1.393.0':
    resolution: {integrity: sha512-vzWeEJZ7ERQhFRoQYaP5jzN1JvIu46UJyHXsuv+dTGW2r3sMgREOhNxXLZjmFHwZ8/FOHQoyqqQmXTCXZSfMSg==}

  marked@15.0.12:
    resolution: {integrity: sha512-8dD6FusOQSrpv9Z1rdNMdlSgQOIP880DHqnohobOmYLElGEqAL/JvxvuxZO16r4HtjTlfPRDC1hbvxC9dPN2nA==}
    engines: {node: '>= 18'}
    hasBin: true

  posthog-node@5.41.0:
    resolution: {integrity: sha512-jOkX6THOr5WD+FGUEaTxekas8c7NOC3TqJ2Byfe2KMimQdL/F/osz17uSbkNzR4V9WFZoe8YaGP3Xp0EUpPKGg==}
    engines: {node: ^20.20.0 || >=22.22.0}
    peerDependencies:
      rxjs: ^7.0.0
    peerDependenciesMeta:
      rxjs:
        optional: true

snapshots:

  '@posthog/core@1.40.2':
    dependencies:
      '@posthog/types': 1.393.0

  '@posthog/types@1.393.0': {}

  marked@15.0.12: {}

  posthog-node@5.41.0:
    dependencies:
      '@posthog/core': 1.40.2
